
Microsoft Visual Studio Solution File, Format Version 12.00
# Visual Studio Version 17
VisualStudioVersion = 17.11.35219.272
MinimumVisualStudioVersion = 10.0.40219.1
Project("{FAE04EC0-301F-11D3-BF4B-00C04F79EFBC}") = "BaiTap01", "BaiTap01\BaiTap01.csproj", "{932D1D82-6FD3-4394-8DB5-FDA04E11EF3C}"
EndProject
Global
	GlobalSection(SolutionConfigurationPlatforms) = preSolution
		Debug|Any CPU = Debug|Any CPU
		Release|Any CPU = Release|Any CPU
	EndGlobalSection
	GlobalSection(ProjectConfigurationPlatforms) = postSolution
		{932D1D82-6FD3-4394-8DB5-FDA04E11EF3C}.Debug|Any CPU.ActiveCfg = Debug|Any CPU
		{932D1D82-6FD3-4394-8DB5-FDA04E11EF3C}.Debug|Any CPU.Build.0 = Debug|Any CPU
		{932D1D82-6FD3-4394-8DB5-FDA04E11EF3C}.Release|Any CPU.ActiveCfg = Release|Any CPU
		{932D1D82-6FD3-4394-8DB5-FDA04E11EF3C}.Release|Any CPU.Build.0 = Release|Any CPU
	EndGlobalSection
	GlobalSection(SolutionProperties) = preSolution
		HideSolutionNode = FALSE
	EndGlobalSection
	GlobalSection(ExtensibilityGlobals) = postSolution
		SolutionGuid = {B99AA0B0-934E-4103-82D1-3CB934B55DA3}
	EndGlobalSection
EndGlobal
